
Microsoft Visual Studio Solution File, Format Version 12.00
# Visual Studio 14
VisualStudioVersion = 14.0.25123.0
MinimumVisualStudioVersion = 10.0.40219.1
Project("{FAE04EC0-301F-11D3-BF4B-00C04F79EFBC}") = "Domain", "Domain\Domain.csproj", "{DDDC68C3-7955-4CED-8ECC-7F5E8B60A935}"
EndProject
Project("{FAE04EC0-301F-11D3-BF4B-00C04F79EFBC}") = "WebUI", "WebUI\WebUI.csproj", "{AE8476DB-32CA-4D85-919A-393C4F518DFA}"
EndProject
Project("{FAE04EC0-301F-11D3-BF4B-00C04F79EFBC}") = "UnitTests", "UnitTests\UnitTests.csproj", "{20A82614-8B27-4345-8C16-BD84889F73A2}"
EndProject
Global
	GlobalSection(SolutionConfigurationPlatforms) = preSolution
		Debug|Any CPU = Debug|Any CPU
		Release|Any CPU = Release|Any CPU
	EndGlobalSection
	GlobalSection(ProjectConfigurationPlatforms) = postSolution
		{DDDC68C3-7955-4CED-8ECC-7F5E8B60A935}.Debug|Any CPU.ActiveCfg = Debug|Any CPU
		{DDDC68C3-7955-4CED-8ECC-7F5E8B60A935}.Debug|Any CPU.Build.0 = Debug|Any CPU
		{DDDC68C3-7955-4CED-8ECC-7F5E8B60A935}.Release|Any CPU.ActiveCfg = Release|Any CPU
		{DDDC68C3-7955-4CED-8ECC-7F5E8B60A935}.Release|Any CPU.Build.0 = Release|Any CPU
		{AE8476DB-32CA-4D85-919A-393C4F518DFA}.Debug|Any CPU.ActiveCfg = Debug|Any CPU
		{AE8476DB-32CA-4D85-919A-393C4F518DFA}.Debug|Any CPU.Build.0 = Debug|Any CPU
		{AE8476DB-32CA-4D85-919A-393C4F518DFA}.Release|Any CPU.ActiveCfg = Release|Any CPU
		{AE8476DB-32CA-4D85-919A-393C4F518DFA}.Release|Any CPU.Build.0 = Release|Any CPU
		{20A82614-8B27-4345-8C16-BD84889F73A2}.Debug|Any CPU.ActiveCfg = Debug|Any CPU
		{20A82614-8B27-4345-8C16-BD84889F73A2}.Debug|Any CPU.Build.0 = Debug|Any CPU
		{20A82614-8B27-4345-8C16-BD84889F73A2}.Release|Any CPU.ActiveCfg = Release|Any CPU
		{20A82614-8B27-4345-8C16-BD84889F73A2}.Release|Any CPU.Build.0 = Release|Any CPU
	EndGlobalSection
	GlobalSection(SolutionProperties) = preSolution
		HideSolutionNode = FALSE
	EndGlobalSection
EndGlobal
